
Microsoft Visual Studio Solution File, Format Version 12.00
# Visual Studio Version 17
VisualStudioVersion = 17.7.34221.43
MinimumVisualStudioVersion = 10.0.40219.1
Project("{FAE04EC0-301F-11D3-BF4B-00C04F79EFBC}") = "Creational_Pattern_ConsoleApp_Example_1", "Creational_Pattern_ConsoleApp_Example_1\Creational_Pattern_ConsoleApp_Example_1.csproj", "{1B019FFC-C857-4341-B19E-B6DB63985B42}"
EndProject
Project("{FAE04EC0-301F-11D3-BF4B-00C04F79EFBC}") = "Creational_Pattern_ConsoleApp_Example_2", "Creational_Pattern_ConsoleApp_Example_2\Creational_Pattern_ConsoleApp_Example_2.csproj", "{ABCB7A51-4DCD-43DD-9FE5-D35B72B019A0}"
EndProject
Global
	GlobalSection(SolutionConfigurationPlatforms) = preSolution
		Debug|Any CPU = Debug|Any CPU
		Release|Any CPU = Release|Any CPU
	EndGlobalSection
	GlobalSection(ProjectConfigurationPlatforms) = postSolution
		{1B019FFC-C857-4341-B19E-B6DB63985B42}.Debug|Any CPU.ActiveCfg = Debug|Any CPU
		{1B019FFC-C857-4341-B19E-B6DB63985B42}.Debug|Any CPU.Build.0 = Debug|Any CPU
		{1B019FFC-C857-4341-B19E-B6DB63985B42}.Release|Any CPU.ActiveCfg = Release|Any CPU
		{1B019FFC-C857-4341-B19E-B6DB63985B42}.Release|Any CPU.Build.0 = Release|Any CPU
		{ABCB7A51-4DCD-43DD-9FE5-D35B72B019A0}.Debug|Any CPU.ActiveCfg = Debug|Any CPU
		{ABCB7A51-4DCD-43DD-9FE5-D35B72B019A0}.Debug|Any CPU.Build.0 = Debug|Any CPU
		{ABCB7A51-4DCD-43DD-9FE5-D35B72B019A0}.Release|Any CPU.ActiveCfg = Release|Any CPU
		{ABCB7A51-4DCD-43DD-9FE5-D35B72B019A0}.Release|Any CPU.Build.0 = Release|Any CPU
	EndGlobalSection
	GlobalSection(SolutionProperties) = preSolution
		HideSolutionNode = FALSE
	EndGlobalSection
	GlobalSection(ExtensibilityGlobals) = postSolution
		SolutionGuid = {32B8BAFF-E517-47BA-A60F-C7ED79FE4041}
	EndGlobalSection
EndGlobal
